
Microsoft Visual Studio Solution File, Format Version 12.00
# Visual Studio 15
VisualStudioVersion = 15.0.26228.4
MinimumVisualStudioVersion = 10.0.40219.1
Project("{FAE04EC0-301F-11D3-BF4B-00C04F79EFBC}") = "FlightBooking.Domain", "FlightBooking.Domain\FlightBooking.Domain.csproj", "{20DE6B4D-AAE7-4008-AF05-2E0AC6920927}"
EndProject
Project("{FAE04EC0-301F-11D3-BF4B-00C04F79EFBC}") = "FlightBooking.Domain.Tests.Unit", "FlightBooking.Domain.Tests.Unit\FlightBooking.Domain.Tests.Unit.csproj", "{5CB19B28-E0A0-4441-A526-B81EDA69BAEB}"
EndProject
Global
	GlobalSection(SolutionConfigurationPlatforms) = preSolution
		Debug|Any CPU = Debug|Any CPU
		Release|Any CPU = Release|Any CPU
	EndGlobalSection
	GlobalSection(ProjectConfigurationPlatforms) = postSolution
		{20DE6B4D-AAE7-4008-AF05-2E0AC6920927}.Debug|Any CPU.ActiveCfg = Debug|Any CPU
		{20DE6B4D-AAE7-4008-AF05-2E0AC6920927}.Debug|Any CPU.Build.0 = Debug|Any CPU
		{20DE6B4D-AAE7-4008-AF05-2E0AC6920927}.Release|Any CPU.ActiveCfg = Release|Any CPU
		{20DE6B4D-AAE7-4008-AF05-2E0AC6920927}.Release|Any CPU.Build.0 = Release|Any CPU
		{5CB19B28-E0A0-4441-A526-B81EDA69BAEB}.Debug|Any CPU.ActiveCfg = Debug|Any CPU
		{5CB19B28-E0A0-4441-A526-B81EDA69BAEB}.Debug|Any CPU.Build.0 = Debug|Any CPU
		{5CB19B28-E0A0-4441-A526-B81EDA69BAEB}.Release|Any CPU.ActiveCfg = Release|Any CPU
		{5CB19B28-E0A0-4441-A526-B81EDA69BAEB}.Release|Any CPU.Build.0 = Release|Any CPU
	EndGlobalSection
	GlobalSection(SolutionProperties) = preSolution
		HideSolutionNode = FALSE
	EndGlobalSection
EndGlobal
